
Microsoft Visual Studio Solution File, Format Version 12.00
# Visual Studio Version 16
VisualStudioVersion = 16.0.30204.135
MinimumVisualStudioVersion = 10.0.40219.1
Project("{FAE04EC0-301F-11D3-BF4B-00C04F79EFBC}") = "Sql_NetCore", "Sql_NetCore.csproj", "{2E2D49D0-57F4-4303-90A5-6878C0392F25}"
EndProject
Global
	GlobalSection(SolutionConfigurationPlatforms) = preSolution
		Debug|Any CPU = Debug|Any CPU
		Release|Any CPU = Release|Any CPU
	EndGlobalSection
	GlobalSection(ProjectConfigurationPlatforms) = postSolution
		{2E2D49D0-57F4-4303-90A5-6878C0392F25}.Debug|Any CPU.ActiveCfg = Debug|Any CPU
		{2E2D49D0-57F4-4303-90A5-6878C0392F25}.Debug|Any CPU.Build.0 = Debug|Any CPU
		{2E2D49D0-57F4-4303-90A5-6878C0392F25}.Release|Any CPU.ActiveCfg = Release|Any CPU
		{2E2D49D0-57F4-4303-90A5-6878C0392F25}.Release|Any CPU.Build.0 = Release|Any CPU
	EndGlobalSection
	GlobalSection(SolutionProperties) = preSolution
		HideSolutionNode = FALSE
	EndGlobalSection
	GlobalSection(ExtensibilityGlobals) = postSolution
		SolutionGuid = {1668E089-7002-48AA-A892-DE7D7DF0D839}
	EndGlobalSection
EndGlobal
